# This file is automatically @generated by Poetry and should not be changed by hand.

[[package]]
name = "bidict"
version = "0.22.1"
description = "The bidirectional mapping library for Python."
category = "main"
optional = false
python-versions = ">=3.7"
files = [
    {file = "bidict-0.22.1-py3-none-any.whl", hash = "sha256:6ef212238eb884b664f28da76f33f1d28b260f665fc737b413b287d5487d1e7b"},
    {file = "bidict-0.22.1.tar.gz", hash = "sha256:1e0f7f74e4860e6d0943a05d4134c63a2fad86f3d4732fb265bd79e4e856d81d"},
]

[package.extras]
docs = ["furo", "sphinx", "sphinx-copybutton"]
lint = ["pre-commit"]
test = ["hypothesis", "pytest", "pytest-benchmark[histogram]", "pytest-cov", "pytest-xdist", "sortedcollections", "sortedcontainers", "sphinx"]

[[package]]
name = "python-engineio"
version = "4.4.0"
description = "Engine.IO server and client for Python"
category = "main"
optional = false
python-versions = ">=3.6"
files = [
    {file = "python-engineio-4.4.0.tar.gz", hash = "sha256:bcc035c70ecc30acc3cfd49ef19aca6c51fa6caaadd0fa58c2d7480f50d04cf2"},
    {file = "python_engineio-4.4.0-py3-none-any.whl", hash = "sha256:11f9c35b775fe70e0a25f67b16d5b69fbfafc368cdd87eeb6f4135a475c88e50"},
]

[package.extras]
asyncio-client = ["aiohttp (>=3.4)"]
client = ["requests (>=2.21.0)", "websocket-client (>=0.54.0)"]

[[package]]
name = "python-socketio"
version = "5.8.0"
description = "Socket.IO server and client for Python"
category = "main"
optional = false
python-versions = ">=3.6"
files = [
    {file = "python-socketio-5.8.0.tar.gz", hash = "sha256:e714f4dddfaaa0cb0e37a1e2deef2bb60590a5b9fea9c343dd8ca5e688416fd9"},
    {file = "python_socketio-5.8.0-py3-none-any.whl", hash = "sha256:7adb8867aac1c2929b9c1429f1c02e12ca4c36b67c807967393e367dfbb01441"},
]

[package.dependencies]
bidict = ">=0.21.0"
python-engineio = ">=4.3.0"

[package.extras]
asyncio-client = ["aiohttp (>=3.4)"]
client = ["requests (>=2.21.0)", "websocket-client (>=0.54.0)"]

[metadata]
lock-version = "2.0"
python-versions = "^3.11"
content-hash = "74a7c1b0cf3cbcebfb5c2d686bff9433a29fe89be2dbeb20364bec59d2a59740"
